
Microsoft Visual Studio Solution File, Format Version 12.00
# Visual Studio Version 17
VisualStudioVersion = 17.14.36212.18 d17.14
MinimumVisualStudioVersion = 10.0.40219.1
Project("{FAE04EC0-301F-11D3-BF4B-00C04F79EFBC}") = "Ride-sharing-system", "Ride-sharing-system.csproj", "{93F48FC5-1340-4003-8DA4-8041E0727D9B}"
EndProject
Global
	GlobalSection(SolutionConfigurationPlatforms) = preSolution
		Debug|Any CPU = Debug|Any CPU
		Release|Any CPU = Release|Any CPU
	EndGlobalSection
	GlobalSection(ProjectConfigurationPlatforms) = postSolution
		{93F48FC5-1340-4003-8DA4-8041E0727D9B}.Debug|Any CPU.ActiveCfg = Debug|Any CPU
		{93F48FC5-1340-4003-8DA4-8041E0727D9B}.Debug|Any CPU.Build.0 = Debug|Any CPU
		{93F48FC5-1340-4003-8DA4-8041E0727D9B}.Release|Any CPU.ActiveCfg = Release|Any CPU
		{93F48FC5-1340-4003-8DA4-8041E0727D9B}.Release|Any CPU.Build.0 = Release|Any CPU
	EndGlobalSection
	GlobalSection(SolutionProperties) = preSolution
		HideSolutionNode = FALSE
	EndGlobalSection
	GlobalSection(ExtensibilityGlobals) = postSolution
		SolutionGuid = {4DE3BABA-321C-4AB3-9DC1-EF7BE6E255F9}
	EndGlobalSection
EndGlobal
